
Microsoft Visual Studio Solution File, Format Version 12.00
# Visual Studio 14
VisualStudioVersion = 14.0.23107.0
MinimumVisualStudioVersion = 10.0.40219.1
Project("{F184B08F-C81C-45F6-A57F-5ABD9991F28F}") = "Lavender Plant", "Lavender Plant\Lavender Plant.vbproj", "{429DC8B2-3DCB-4D1D-ADFB-CD256C8E7F56}"
EndProject
Project("{8BC9CEB8-8B4A-11D0-8D11-00A0C91BC942}") = "Bootstrap", "Bootstrap\Bootstrap.vcxproj", "{6D1D46D4-1DAD-4B6B-8745-A622A753CB6B}"
EndProject
Project("{F184B08F-C81C-45F6-A57F-5ABD9991F28F}") = "Service", "Service\Service.vbproj", "{07C85EA1-9756-4831-9A1F-5BEF2A0A4E39}"
EndProject
Project("{F184B08F-C81C-45F6-A57F-5ABD9991F28F}") = "Lavender Control", "Lavender Control\Lavender Control.vbproj", "{60A76480-B123-4365-959C-06E429AB4EF3}"
EndProject
Project("{F184B08F-C81C-45F6-A57F-5ABD9991F28F}") = "Plugins", "Plugins\Plugins.vbproj", "{7EFFC1CF-144C-4585-B7CE-02AE262334E8}"
EndProject
Project("{F184B08F-C81C-45F6-A57F-5ABD9991F28F}") = "PIncluded-Server", "PIncluded-Server\PIncluded-Server.vbproj", "{268D1B27-9097-42EA-8EC9-B942D753210F}"
EndProject
Global
	GlobalSection(SolutionConfigurationPlatforms) = preSolution
		Debug|Any CPU = Debug|Any CPU
		Debug|Mixed Platforms = Debug|Mixed Platforms
		Debug|Win32 = Debug|Win32
		Release|Any CPU = Release|Any CPU
		Release|Mixed Platforms = Release|Mixed Platforms
		Release|Win32 = Release|Win32
	EndGlobalSection
	GlobalSection(ProjectConfigurationPlatforms) = postSolution
		{429DC8B2-3DCB-4D1D-ADFB-CD256C8E7F56}.Debug|Any CPU.ActiveCfg = Debug|Any CPU
		{429DC8B2-3DCB-4D1D-ADFB-CD256C8E7F56}.Debug|Any CPU.Build.0 = Debug|Any CPU
		{429DC8B2-3DCB-4D1D-ADFB-CD256C8E7F56}.Debug|Mixed Platforms.ActiveCfg = Debug|Any CPU
		{429DC8B2-3DCB-4D1D-ADFB-CD256C8E7F56}.Debug|Mixed Platforms.Build.0 = Debug|Any CPU
		{429DC8B2-3DCB-4D1D-ADFB-CD256C8E7F56}.Debug|Win32.ActiveCfg = Debug|Any CPU
		{429DC8B2-3DCB-4D1D-ADFB-CD256C8E7F56}.Release|Any CPU.ActiveCfg = Release|Any CPU
		{429DC8B2-3DCB-4D1D-ADFB-CD256C8E7F56}.Release|Any CPU.Build.0 = Release|Any CPU
		{429DC8B2-3DCB-4D1D-ADFB-CD256C8E7F56}.Release|Mixed Platforms.ActiveCfg = Release|Any CPU
		{429DC8B2-3DCB-4D1D-ADFB-CD256C8E7F56}.Release|Mixed Platforms.Build.0 = Release|Any CPU
		{429DC8B2-3DCB-4D1D-ADFB-CD256C8E7F56}.Release|Win32.ActiveCfg = Release|Any CPU
		{6D1D46D4-1DAD-4B6B-8745-A622A753CB6B}.Debug|Any CPU.ActiveCfg = Debug|Win32
		{6D1D46D4-1DAD-4B6B-8745-A622A753CB6B}.Debug|Mixed Platforms.ActiveCfg = Debug|Win32
		{6D1D46D4-1DAD-4B6B-8745-A622A753CB6B}.Debug|Win32.ActiveCfg = Debug|Win32
		{6D1D46D4-1DAD-4B6B-8745-A622A753CB6B}.Debug|Win32.Build.0 = Debug|Win32
		{6D1D46D4-1DAD-4B6B-8745-A622A753CB6B}.Release|Any CPU.ActiveCfg = Release|Win32
		{6D1D46D4-1DAD-4B6B-8745-A622A753CB6B}.Release|Mixed Platforms.ActiveCfg = Release|Win32
		{6D1D46D4-1DAD-4B6B-8745-A622A753CB6B}.Release|Mixed Platforms.Build.0 = Release|Win32
		{6D1D46D4-1DAD-4B6B-8745-A622A753CB6B}.Release|Win32.ActiveCfg = Release|Win32
		{6D1D46D4-1DAD-4B6B-8745-A622A753CB6B}.Release|Win32.Build.0 = Release|Win32
		{07C85EA1-9756-4831-9A1F-5BEF2A0A4E39}.Debug|Any CPU.ActiveCfg = Debug|Any CPU
		{07C85EA1-9756-4831-9A1F-5BEF2A0A4E39}.Debug|Any CPU.Build.0 = Debug|Any CPU
		{07C85EA1-9756-4831-9A1F-5BEF2A0A4E39}.Debug|Mixed Platforms.ActiveCfg = Debug|Any CPU
		{07C85EA1-9756-4831-9A1F-5BEF2A0A4E39}.Debug|Win32.ActiveCfg = Debug|Any CPU
		{07C85EA1-9756-4831-9A1F-5BEF2A0A4E39}.Debug|Win32.Build.0 = Debug|Any CPU
		{07C85EA1-9756-4831-9A1F-5BEF2A0A4E39}.Release|Any CPU.ActiveCfg = Release|Any CPU
		{07C85EA1-9756-4831-9A1F-5BEF2A0A4E39}.Release|Any CPU.Build.0 = Release|Any CPU
		{07C85EA1-9756-4831-9A1F-5BEF2A0A4E39}.Release|Mixed Platforms.ActiveCfg = Release|Any CPU
		{07C85EA1-9756-4831-9A1F-5BEF2A0A4E39}.Release|Mixed Platforms.Build.0 = Release|Any CPU
		{07C85EA1-9756-4831-9A1F-5BEF2A0A4E39}.Release|Win32.ActiveCfg = Release|Any CPU
		{07C85EA1-9756-4831-9A1F-5BEF2A0A4E39}.Release|Win32.Build.0 = Release|Any CPU
		{60A76480-B123-4365-959C-06E429AB4EF3}.Debug|Any CPU.ActiveCfg = Debug|Any CPU
		{60A76480-B123-4365-959C-06E429AB4EF3}.Debug|Any CPU.Build.0 = Debug|Any CPU
		{60A76480-B123-4365-959C-06E429AB4EF3}.Debug|Mixed Platforms.ActiveCfg = Debug|Any CPU
		{60A76480-B123-4365-959C-06E429AB4EF3}.Debug|Mixed Platforms.Build.0 = Debug|Any CPU
		{60A76480-B123-4365-959C-06E429AB4EF3}.Debug|Win32.ActiveCfg = Debug|Any CPU
		{60A76480-B123-4365-959C-06E429AB4EF3}.Debug|Win32.Build.0 = Debug|Any CPU
		{60A76480-B123-4365-959C-06E429AB4EF3}.Release|Any CPU.ActiveCfg = Release|Any CPU
		{60A76480-B123-4365-959C-06E429AB4EF3}.Release|Any CPU.Build.0 = Release|Any CPU
		{60A76480-B123-4365-959C-06E429AB4EF3}.Release|Mixed Platforms.ActiveCfg = Release|Any CPU
		{60A76480-B123-4365-959C-06E429AB4EF3}.Release|Mixed Platforms.Build.0 = Release|Any CPU
		{60A76480-B123-4365-959C-06E429AB4EF3}.Release|Win32.ActiveCfg = Release|Any CPU
		{60A76480-B123-4365-959C-06E429AB4EF3}.Release|Win32.Build.0 = Release|Any CPU
		{7EFFC1CF-144C-4585-B7CE-02AE262334E8}.Debug|Any CPU.ActiveCfg = Debug|Any CPU
		{7EFFC1CF-144C-4585-B7CE-02AE262334E8}.Debug|Any CPU.Build.0 = Debug|Any CPU
		{7EFFC1CF-144C-4585-B7CE-02AE262334E8}.Debug|Mixed Platforms.ActiveCfg = Debug|Any CPU
		{7EFFC1CF-144C-4585-B7CE-02AE262334E8}.Debug|Mixed Platforms.Build.0 = Debug|Any CPU
		{7EFFC1CF-144C-4585-B7CE-02AE262334E8}.Debug|Win32.ActiveCfg = Debug|Any CPU
		{7EFFC1CF-144C-4585-B7CE-02AE262334E8}.Debug|Win32.Build.0 = Debug|Any CPU
		{7EFFC1CF-144C-4585-B7CE-02AE262334E8}.Release|Any CPU.ActiveCfg = Release|Any CPU
		{7EFFC1CF-144C-4585-B7CE-02AE262334E8}.Release|Any CPU.Build.0 = Release|Any CPU
		{7EFFC1CF-144C-4585-B7CE-02AE262334E8}.Release|Mixed Platforms.ActiveCfg = Release|Any CPU
		{7EFFC1CF-144C-4585-B7CE-02AE262334E8}.Release|Mixed Platforms.Build.0 = Release|Any CPU
		{7EFFC1CF-144C-4585-B7CE-02AE262334E8}.Release|Win32.ActiveCfg = Release|Any CPU
		{7EFFC1CF-144C-4585-B7CE-02AE262334E8}.Release|Win32.Build.0 = Release|Any CPU
		{268D1B27-9097-42EA-8EC9-B942D753210F}.Debug|Any CPU.ActiveCfg = Debug|Any CPU
		{268D1B27-9097-42EA-8EC9-B942D753210F}.Debug|Any CPU.Build.0 = Debug|Any CPU
		{268D1B27-9097-42EA-8EC9-B942D753210F}.Debug|Mixed Platforms.ActiveCfg = Debug|Any CPU
		{268D1B27-9097-42EA-8EC9-B942D753210F}.Debug|Mixed Platforms.Build.0 = Debug|Any CPU
		{268D1B27-9097-42EA-8EC9-B942D753210F}.Debug|Win32.ActiveCfg = Debug|Any CPU
		{268D1B27-9097-42EA-8EC9-B942D753210F}.Debug|Win32.Build.0 = Debug|Any CPU
		{268D1B27-9097-42EA-8EC9-B942D753210F}.Release|Any CPU.ActiveCfg = Release|Any CPU
		{268D1B27-9097-42EA-8EC9-B942D753210F}.Release|Any CPU.Build.0 = Release|Any CPU
		{268D1B27-9097-42EA-8EC9-B942D753210F}.Release|Mixed Platforms.ActiveCfg = Release|Any CPU
		{268D1B27-9097-42EA-8EC9-B942D753210F}.Release|Mixed Platforms.Build.0 = Release|Any CPU
		{268D1B27-9097-42EA-8EC9-B942D753210F}.Release|Win32.ActiveCfg = Release|Any CPU
		{268D1B27-9097-42EA-8EC9-B942D753210F}.Release|Win32.Build.0 = Release|Any CPU
	EndGlobalSection
	GlobalSection(SolutionProperties) = preSolution
		HideSolutionNode = FALSE
	EndGlobalSection
EndGlobal
