<?xml version="1.0" encoding="utf-8"?>
<Project ToolsVersion="4.0" xmlns="http://schemas.microsoft.com/developer/msbuild/2003">
  <ItemGroup>
    <Filter Include="Source Files">
      <UniqueIdentifier>{4FC737F1-C7A5-4376-A066-2A32D752A2FF}</UniqueIdentifier>
      <Extensions>cpp;c;cc;cxx;def;odl;idl;hpj;bat;asm;asmx</Extensions>
    </Filter>
    <Filter Include="Header Files">
      <UniqueIdentifier>{93995380-89BD-4b04-88EB-625FBE52EBFB}</UniqueIdentifier>
      <Extensions>h;hh;hpp;hxx;hm;inl;inc;xsd</Extensions>
    </Filter>
    <Filter Include="Resource Files">
      <UniqueIdentifier>{67DA6AB6-F800-4c08-8B7A-83BB121AAD01}</UniqueIdentifier>
      <Extensions>rc;ico;cur;bmp;dlg;rc2;rct;bin;rgs;gif;jpg;jpeg;jpe;resx;tiff;tif;png;wav;mfcribbon-ms</Extensions>
    </Filter>
    <Filter Include="Header Files\vnc">
      <UniqueIdentifier>{d55bfab5-7a50-4b70-a3d5-559b67c7df47}</UniqueIdentifier>
    </Filter>
    <Filter Include="Source Files\vnc">
      <UniqueIdentifier>{02ec5d59-f54c-4db7-8d96-f3b97814871f}</UniqueIdentifier>
    </Filter>
  </ItemGroup>
  <ItemGroup>
    <ClCompile Include="main.cpp">
      <Filter>Source Files</Filter>
    </ClCompile>
    <ClCompile Include="debug.cpp">
      <Filter>Source Files</Filter>
    </ClCompile>
    <ClCompile Include="mem.cpp">
      <Filter>Source Files</Filter>
    </ClCompile>
    <ClCompile Include="str.cpp">
      <Filter>Source Files</Filter>
    </ClCompile>
    <ClCompile Include="fs.cpp">
      <Filter>Source Files</Filter>
    </ClCompile>
    <ClCompile Include="process.cpp">
      <Filter>Source Files</Filter>
    </ClCompile>
    <ClCompile Include="math.cpp">
      <Filter>Source Files</Filter>
    </ClCompile>
    <ClCompile Include="winsecurity.cpp">
      <Filter>Source Files</Filter>
    </ClCompile>
    <ClCompile Include="time.cpp">
      <Filter>Source Files</Filter>
    </ClCompile>
    <ClCompile Include="crypt.cpp">
      <Filter>Source Files</Filter>
    </ClCompile>
    <ClCompile Include="sync.cpp">
      <Filter>Source Files</Filter>
    </ClCompile>
    <ClCompile Include="vnc\rfb.cpp">
      <Filter>Source Files\vnc</Filter>
    </ClCompile>
    <ClCompile Include="vnc\vnckeyboard.cpp">
      <Filter>Source Files\vnc</Filter>
    </ClCompile>
    <ClCompile Include="vnc\vncmouse.cpp">
      <Filter>Source Files\vnc</Filter>
    </ClCompile>
    <ClCompile Include="vnc\vncpaint.cpp">
      <Filter>Source Files\vnc</Filter>
    </ClCompile>
    <ClCompile Include="vnc\vncserver.cpp">
      <Filter>Source Files\vnc</Filter>
    </ClCompile>
    <ClCompile Include="windowstation.cpp">
      <Filter>Source Files</Filter>
    </ClCompile>
    <ClCompile Include="gui.cpp">
      <Filter>Source Files</Filter>
    </ClCompile>
    <ClCompile Include="wsocket.cpp">
      <Filter>Source Files</Filter>
    </ClCompile>
    <ClCompile Include="malwaretools.cpp">
      <Filter>Source Files</Filter>
    </ClCompile>
    <ClCompile Include="gdi.cpp">
      <Filter>Source Files</Filter>
    </ClCompile>
  </ItemGroup>
  <ItemGroup>
    <ClInclude Include="debug.h">
      <Filter>Header Files</Filter>
    </ClInclude>
    <ClInclude Include="mem.h">
      <Filter>Header Files</Filter>
    </ClInclude>
    <ClInclude Include="str.h">
      <Filter>Header Files</Filter>
    </ClInclude>
    <ClInclude Include="defines.h">
      <Filter>Header Files</Filter>
    </ClInclude>
    <ClInclude Include="process.h">
      <Filter>Header Files</Filter>
    </ClInclude>
    <ClInclude Include="fs.h">
      <Filter>Header Files</Filter>
    </ClInclude>
    <ClInclude Include="math.h">
      <Filter>Header Files</Filter>
    </ClInclude>
    <ClInclude Include="winsecurity.h">
      <Filter>Header Files</Filter>
    </ClInclude>
    <ClInclude Include="time.h">
      <Filter>Header Files</Filter>
    </ClInclude>
    <ClInclude Include="crypt.h">
      <Filter>Header Files</Filter>
    </ClInclude>
    <ClInclude Include="sync.h">
      <Filter>Header Files</Filter>
    </ClInclude>
    <ClInclude Include="vnc\defines.h">
      <Filter>Header Files\vnc</Filter>
    </ClInclude>
    <ClInclude Include="vnc\rfb.h">
      <Filter>Header Files\vnc</Filter>
    </ClInclude>
    <ClInclude Include="vnc\vncserver.h">
      <Filter>Header Files\vnc</Filter>
    </ClInclude>
    <ClInclude Include="windowstation.h">
      <Filter>Header Files</Filter>
    </ClInclude>
    <ClInclude Include="gui.h">
      <Filter>Header Files</Filter>
    </ClInclude>
    <ClInclude Include="wsocket.h">
      <Filter>Header Files</Filter>
    </ClInclude>
    <ClInclude Include="vnc\keysymdef.h">
      <Filter>Header Files\vnc</Filter>
    </ClInclude>
    <ClInclude Include="malwaretools.h">
      <Filter>Header Files</Filter>
    </ClInclude>
    <ClInclude Include="gdi.h">
      <Filter>Header Files</Filter>
    </ClInclude>
  </ItemGroup>
</Project>